
Microsoft Visual Studio Solution File, Format Version 11.00
# Visual Studio 2010
Project("{FAE04EC0-301F-11D3-BF4B-00C04F79EFBC}") = "AstarPathfindingProject", "AstarPathfindingProject.csproj", "{61DAC9B9-2BB5-D418-0151-FBFE0CDDA6A6}"
EndProject
Project("{FAE04EC0-301F-11D3-BF4B-00C04F79EFBC}") = "Assembly-CSharp", "Assembly-CSharp.csproj", "{6AAAE4AB-C425-863A-0EF3-0CD11612E223}"
EndProject
Project("{FAE04EC0-301F-11D3-BF4B-00C04F79EFBC}") = "AstarPathfindingProjectEditor", "AstarPathfindingProjectEditor.csproj", "{384F0A06-135C-3D1D-5F20-2E68FB68F0B0}"
EndProject
Project("{FAE04EC0-301F-11D3-BF4B-00C04F79EFBC}") = "PackageToolsEditor", "PackageToolsEditor.csproj", "{3B4583F6-4E45-ACB9-E8AE-9186D6532520}"
EndProject
Global
	GlobalSection(SolutionConfigurationPlatforms) = preSolution
		Debug|Any CPU = Debug|Any CPU
		Release|Any CPU = Release|Any CPU
	EndGlobalSection
	GlobalSection(ProjectConfigurationPlatforms) = postSolution
		{61DAC9B9-2BB5-D418-0151-FBFE0CDDA6A6}.Debug|Any CPU.ActiveCfg = Debug|Any CPU
		{61DAC9B9-2BB5-D418-0151-FBFE0CDDA6A6}.Debug|Any CPU.Build.0 = Debug|Any CPU
		{61DAC9B9-2BB5-D418-0151-FBFE0CDDA6A6}.Release|Any CPU.ActiveCfg = Release|Any CPU
		{61DAC9B9-2BB5-D418-0151-FBFE0CDDA6A6}.Release|Any CPU.Build.0 = Release|Any CPU
		{6AAAE4AB-C425-863A-0EF3-0CD11612E223}.Debug|Any CPU.ActiveCfg = Debug|Any CPU
		{6AAAE4AB-C425-863A-0EF3-0CD11612E223}.Debug|Any CPU.Build.0 = Debug|Any CPU
		{6AAAE4AB-C425-863A-0EF3-0CD11612E223}.Release|Any CPU.ActiveCfg = Release|Any CPU
		{6AAAE4AB-C425-863A-0EF3-0CD11612E223}.Release|Any CPU.Build.0 = Release|Any CPU
		{384F0A06-135C-3D1D-5F20-2E68FB68F0B0}.Debug|Any CPU.ActiveCfg = Debug|Any CPU
		{384F0A06-135C-3D1D-5F20-2E68FB68F0B0}.Debug|Any CPU.Build.0 = Debug|Any CPU
		{384F0A06-135C-3D1D-5F20-2E68FB68F0B0}.Release|Any CPU.ActiveCfg = Release|Any CPU
		{384F0A06-135C-3D1D-5F20-2E68FB68F0B0}.Release|Any CPU.Build.0 = Release|Any CPU
		{3B4583F6-4E45-ACB9-E8AE-9186D6532520}.Debug|Any CPU.ActiveCfg = Debug|Any CPU
		{3B4583F6-4E45-ACB9-E8AE-9186D6532520}.Debug|Any CPU.Build.0 = Debug|Any CPU
		{3B4583F6-4E45-ACB9-E8AE-9186D6532520}.Release|Any CPU.ActiveCfg = Release|Any CPU
		{3B4583F6-4E45-ACB9-E8AE-9186D6532520}.Release|Any CPU.Build.0 = Release|Any CPU
	EndGlobalSection
	GlobalSection(SolutionProperties) = preSolution
		HideSolutionNode = FALSE
	EndGlobalSection
	GlobalSection(MonoDevelopProperties) = preSolution
		StartupItem = Assembly-CSharp.csproj
	EndGlobalSection
EndGlobal
